
Microsoft Visual Studio Solution File, Format Version 12.00
# Visual Studio Version 17
VisualStudioVersion = 17.2.32516.85
MinimumVisualStudioVersion = 10.0.40219.1
Project("{9A19103F-16F7-4668-BE54-9A1E7A4F7556}") = "MaximumNumber", "MaximumNumber.csproj", "{8DD0C8D0-4913-4DF7-9971-6C198B9667E5}"
EndProject
Project("{9A19103F-16F7-4668-BE54-9A1E7A4F7556}") = "TestingMaxValue", "..\TestingMaxValue\TestingMaxValue.csproj", "{52AE4446-2CEC-4369-98EF-38C1DCC8A3E8}"
EndProject
Global
	GlobalSection(SolutionConfigurationPlatforms) = preSolution
		Debug|Any CPU = Debug|Any CPU
		Release|Any CPU = Release|Any CPU
	EndGlobalSection
	GlobalSection(ProjectConfigurationPlatforms) = postSolution
		{8DD0C8D0-4913-4DF7-9971-6C198B9667E5}.Debug|Any CPU.ActiveCfg = Debug|Any CPU
		{8DD0C8D0-4913-4DF7-9971-6C198B9667E5}.Debug|Any CPU.Build.0 = Debug|Any CPU
		{8DD0C8D0-4913-4DF7-9971-6C198B9667E5}.Release|Any CPU.ActiveCfg = Release|Any CPU
		{8DD0C8D0-4913-4DF7-9971-6C198B9667E5}.Release|Any CPU.Build.0 = Release|Any CPU
		{52AE4446-2CEC-4369-98EF-38C1DCC8A3E8}.Debug|Any CPU.ActiveCfg = Debug|Any CPU
		{52AE4446-2CEC-4369-98EF-38C1DCC8A3E8}.Debug|Any CPU.Build.0 = Debug|Any CPU
		{52AE4446-2CEC-4369-98EF-38C1DCC8A3E8}.Release|Any CPU.ActiveCfg = Release|Any CPU
		{52AE4446-2CEC-4369-98EF-38C1DCC8A3E8}.Release|Any CPU.Build.0 = Release|Any CPU
	EndGlobalSection
	GlobalSection(SolutionProperties) = preSolution
		HideSolutionNode = FALSE
	EndGlobalSection
	GlobalSection(ExtensibilityGlobals) = postSolution
		SolutionGuid = {B50D9DF3-5A70-4125-9953-4F3057C0FF27}
	EndGlobalSection
EndGlobal
